
Microsoft Visual Studio Solution File, Format Version 12.00
# Visual Studio Version 17
VisualStudioVersion = 17.0.31903.59
MinimumVisualStudioVersion = 10.0.40219.1
Project("{FAE04EC0-301F-11D3-BF4B-00C04F79EFBC}") = "ReconArt.Synchronization.UnitDistributorSlim", "src\UnitDistributorSlim\ReconArt.Synchronization.UnitDistributorSlim.csproj", "{FA13D295-C2BA-45F0-9B76-78ACF25E8D9D}"
EndProject
Project("{FAE04EC0-301F-11D3-BF4B-00C04F79EFBC}") = "ReconArt.Synchronization.ObjectLock", "src\ObjectLock\ReconArt.Synchronization.ObjectLock.csproj", "{C0EE3707-3A33-46AD-BE5D-BAD5AC1BD1D8}"
EndProject
Global
	GlobalSection(SolutionConfigurationPlatforms) = preSolution
		Debug|Any CPU = Debug|Any CPU
		Release|Any CPU = Release|Any CPU
	EndGlobalSection
	GlobalSection(ProjectConfigurationPlatforms) = postSolution
		{FA13D295-C2BA-45F0-9B76-78ACF25E8D9D}.Debug|Any CPU.ActiveCfg = Debug|Any CPU
		{FA13D295-C2BA-45F0-9B76-78ACF25E8D9D}.Debug|Any CPU.Build.0 = Debug|Any CPU
		{FA13D295-C2BA-45F0-9B76-78ACF25E8D9D}.Release|Any CPU.ActiveCfg = Release|Any CPU
		{FA13D295-C2BA-45F0-9B76-78ACF25E8D9D}.Release|Any CPU.Build.0 = Release|Any CPU
		{C0EE3707-3A33-46AD-BE5D-BAD5AC1BD1D8}.Debug|Any CPU.ActiveCfg = Debug|Any CPU
		{C0EE3707-3A33-46AD-BE5D-BAD5AC1BD1D8}.Debug|Any CPU.Build.0 = Debug|Any CPU
		{C0EE3707-3A33-46AD-BE5D-BAD5AC1BD1D8}.Release|Any CPU.ActiveCfg = Release|Any CPU
		{C0EE3707-3A33-46AD-BE5D-BAD5AC1BD1D8}.Release|Any CPU.Build.0 = Release|Any CPU
	EndGlobalSection
	GlobalSection(SolutionProperties) = preSolution
		HideSolutionNode = FALSE
	EndGlobalSection
EndGlobal
